
Microsoft Visual Studio Solution File, Format Version 12.00
# Visual Studio Version 16
VisualStudioVersion = 16.0.30717.126
MinimumVisualStudioVersion = 10.0.40219.1
Project("{9A19103F-16F7-4668-BE54-9A1E7A4F7556}") = "WebMyPham.WebApp", "WebMyPham.WebApp\WebMyPham.WebApp.csproj", "{E6E3C378-F65A-4479-9CA6-7353A280CDA1}"
EndProject
Project("{9A19103F-16F7-4668-BE54-9A1E7A4F7556}") = "WebMyPham.Data", "WebMyPham.Data\WebMyPham.Data.csproj", "{684C6776-DF31-43E1-826D-866EBB6D4888}"
EndProject
Project("{9A19103F-16F7-4668-BE54-9A1E7A4F7556}") = "WebMyPham.Application", "WebMyPham.Application\WebMyPham.Application.csproj", "{7949CE4D-B339-489E-90CC-2165E9102D5D}"
EndProject
Project("{2150E333-8FDC-42A3-9474-1A3956D46DE8}") = "1.Infrastructure", "1.Infrastructure", "{604C61BE-D5BE-41B0-B825-643BFE8100C9}"
EndProject
Project("{2150E333-8FDC-42A3-9474-1A3956D46DE8}") = "2.Domain", "2.Domain", "{29F3087B-DDC0-40B1-9D9B-849C49D7880F}"
EndProject
Project("{FAE04EC0-301F-11D3-BF4B-00C04F79EFBC}") = "WebMyPham.Utilities", "WebMyPham.Utilities\WebMyPham.Utilities.csproj", "{60233024-87FE-4931-ABFD-D8AA52A4BC74}"
EndProject
Project("{FAE04EC0-301F-11D3-BF4B-00C04F79EFBC}") = "WebMyPham.ViewModels", "WebMyPham.ViewModels\WebMyPham.ViewModels.csproj", "{DB7F51EA-2F28-4FAB-886D-57271BBF6C5D}"
EndProject
Project("{2150E333-8FDC-42A3-9474-1A3956D46DE8}") = "3.Hosts", "3.Hosts", "{CF535C37-89E1-4023-871A-2D5E117B16D3}"
EndProject
Project("{FAE04EC0-301F-11D3-BF4B-00C04F79EFBC}") = "WebMyPham.BackendApi", "WebMyPham.BackendApi\WebMyPham.BackendApi.csproj", "{E8823FEB-8BC2-456D-80F0-97F6B3DD27D9}"
EndProject
Global
	GlobalSection(SolutionConfigurationPlatforms) = preSolution
		Debug|Any CPU = Debug|Any CPU
		Release|Any CPU = Release|Any CPU
	EndGlobalSection
	GlobalSection(ProjectConfigurationPlatforms) = postSolution
		{E6E3C378-F65A-4479-9CA6-7353A280CDA1}.Debug|Any CPU.ActiveCfg = Debug|Any CPU
		{E6E3C378-F65A-4479-9CA6-7353A280CDA1}.Debug|Any CPU.Build.0 = Debug|Any CPU
		{E6E3C378-F65A-4479-9CA6-7353A280CDA1}.Release|Any CPU.ActiveCfg = Release|Any CPU
		{E6E3C378-F65A-4479-9CA6-7353A280CDA1}.Release|Any CPU.Build.0 = Release|Any CPU
		{684C6776-DF31-43E1-826D-866EBB6D4888}.Debug|Any CPU.ActiveCfg = Debug|Any CPU
		{684C6776-DF31-43E1-826D-866EBB6D4888}.Debug|Any CPU.Build.0 = Debug|Any CPU
		{684C6776-DF31-43E1-826D-866EBB6D4888}.Release|Any CPU.ActiveCfg = Release|Any CPU
		{684C6776-DF31-43E1-826D-866EBB6D4888}.Release|Any CPU.Build.0 = Release|Any CPU
		{7949CE4D-B339-489E-90CC-2165E9102D5D}.Debug|Any CPU.ActiveCfg = Debug|Any CPU
		{7949CE4D-B339-489E-90CC-2165E9102D5D}.Debug|Any CPU.Build.0 = Debug|Any CPU
		{7949CE4D-B339-489E-90CC-2165E9102D5D}.Release|Any CPU.ActiveCfg = Release|Any CPU
		{7949CE4D-B339-489E-90CC-2165E9102D5D}.Release|Any CPU.Build.0 = Release|Any CPU
		{60233024-87FE-4931-ABFD-D8AA52A4BC74}.Debug|Any CPU.ActiveCfg = Debug|Any CPU
		{60233024-87FE-4931-ABFD-D8AA52A4BC74}.Debug|Any CPU.Build.0 = Debug|Any CPU
		{60233024-87FE-4931-ABFD-D8AA52A4BC74}.Release|Any CPU.ActiveCfg = Release|Any CPU
		{60233024-87FE-4931-ABFD-D8AA52A4BC74}.Release|Any CPU.Build.0 = Release|Any CPU
		{DB7F51EA-2F28-4FAB-886D-57271BBF6C5D}.Debug|Any CPU.ActiveCfg = Debug|Any CPU
		{DB7F51EA-2F28-4FAB-886D-57271BBF6C5D}.Debug|Any CPU.Build.0 = Debug|Any CPU
		{DB7F51EA-2F28-4FAB-886D-57271BBF6C5D}.Release|Any CPU.ActiveCfg = Release|Any CPU
		{DB7F51EA-2F28-4FAB-886D-57271BBF6C5D}.Release|Any CPU.Build.0 = Release|Any CPU
		{E8823FEB-8BC2-456D-80F0-97F6B3DD27D9}.Debug|Any CPU.ActiveCfg = Debug|Any CPU
		{E8823FEB-8BC2-456D-80F0-97F6B3DD27D9}.Debug|Any CPU.Build.0 = Debug|Any CPU
		{E8823FEB-8BC2-456D-80F0-97F6B3DD27D9}.Release|Any CPU.ActiveCfg = Release|Any CPU
		{E8823FEB-8BC2-456D-80F0-97F6B3DD27D9}.Release|Any CPU.Build.0 = Release|Any CPU
	EndGlobalSection
	GlobalSection(SolutionProperties) = preSolution
		HideSolutionNode = FALSE
	EndGlobalSection
	GlobalSection(NestedProjects) = preSolution
		{E6E3C378-F65A-4479-9CA6-7353A280CDA1} = {CF535C37-89E1-4023-871A-2D5E117B16D3}
		{684C6776-DF31-43E1-826D-866EBB6D4888} = {29F3087B-DDC0-40B1-9D9B-849C49D7880F}
		{7949CE4D-B339-489E-90CC-2165E9102D5D} = {29F3087B-DDC0-40B1-9D9B-849C49D7880F}
		{60233024-87FE-4931-ABFD-D8AA52A4BC74} = {604C61BE-D5BE-41B0-B825-643BFE8100C9}
		{DB7F51EA-2F28-4FAB-886D-57271BBF6C5D} = {604C61BE-D5BE-41B0-B825-643BFE8100C9}
		{E8823FEB-8BC2-456D-80F0-97F6B3DD27D9} = {CF535C37-89E1-4023-871A-2D5E117B16D3}
	EndGlobalSection
	GlobalSection(ExtensibilityGlobals) = postSolution
		SolutionGuid = {FC52A2CD-4BFF-4B28-832A-2B6803AC0E72}
	EndGlobalSection
EndGlobal
