
Microsoft Visual Studio Solution File, Format Version 12.00
# Visual Studio Version 16
VisualStudioVersion = 16.0.30517.126
MinimumVisualStudioVersion = 10.0.40219.1
Project("{9A19103F-16F7-4668-BE54-9A1E7A4F7556}") = "WebMyPham.WebApp", "WebMyPham.WebApp\WebMyPham.WebApp.csproj", "{4042CED3-1F09-4EAA-8905-2BDD38E297E6}"
EndProject
Project("{9A19103F-16F7-4668-BE54-9A1E7A4F7556}") = "WebMyPham.Data", "WebMyPham.Data\WebMyPham.Data.csproj", "{4FED04F0-C336-4926-BFF4-380704C58784}"
EndProject
Project("{9A19103F-16F7-4668-BE54-9A1E7A4F7556}") = "WebMyPham.Application", "WebMyPham.Application\WebMyPham.Application.csproj", "{1CA4EE97-0C3E-436A-9864-EC591756B718}"
EndProject
Project("{9A19103F-16F7-4668-BE54-9A1E7A4F7556}") = "WebMyPham.Utilities", "WebMyPham.Ultilities\WebMyPham.Utilities.csproj", "{4BC96866-B68B-46E0-87D4-7765DA53DD05}"
EndProject
Project("{9A19103F-16F7-4668-BE54-9A1E7A4F7556}") = "WebMyPham.ViewModels", "WebMyPham.ViewModels\WebMyPham.ViewModels.csproj", "{4EA175AF-B750-4771-9E4F-284531D44BBC}"
EndProject
Project("{9A19103F-16F7-4668-BE54-9A1E7A4F7556}") = "WebMyPham.BackendApi", "WebMyPham.BackendApi\WebMyPham.BackendApi.csproj", "{1E384333-689E-485E-8FE9-EEFE5C5F4C65}"
EndProject
Project("{2150E333-8FDC-42A3-9474-1A3956D46DE8}") = "1.Infrastructure", "1.Infrastructure", "{E70992B7-5E4E-415F-A875-5B37E7F35A81}"
EndProject
Project("{2150E333-8FDC-42A3-9474-1A3956D46DE8}") = "2.Domain", "2.Domain", "{9027C795-5844-4A24-8007-1E7A083B0B90}"
EndProject
Project("{2150E333-8FDC-42A3-9474-1A3956D46DE8}") = "3.Hosts", "3.Hosts", "{9381F467-7DE1-47F0-9D4F-B388B3D42B27}"
EndProject
Project("{9A19103F-16F7-4668-BE54-9A1E7A4F7556}") = "WebMyPham.AdminApp", "WebMyPham.AdminApp\WebMyPham.AdminApp.csproj", "{E362A6E8-4EF9-44F8-8D71-11E94DC219D1}"
EndProject
Project("{FAE04EC0-301F-11D3-BF4B-00C04F79EFBC}") = "WebMyPham.ApiIntegration", "WebMyPham.ApiIntegration\WebMyPham.ApiIntegration.csproj", "{FCD08D01-90EE-4930-846F-1DFC87AA35BB}"
EndProject
Global
	GlobalSection(SolutionConfigurationPlatforms) = preSolution
		Debug|Any CPU = Debug|Any CPU
		Release|Any CPU = Release|Any CPU
	EndGlobalSection
	GlobalSection(ProjectConfigurationPlatforms) = postSolution
		{4042CED3-1F09-4EAA-8905-2BDD38E297E6}.Debug|Any CPU.ActiveCfg = Debug|Any CPU
		{4042CED3-1F09-4EAA-8905-2BDD38E297E6}.Debug|Any CPU.Build.0 = Debug|Any CPU
		{4042CED3-1F09-4EAA-8905-2BDD38E297E6}.Release|Any CPU.ActiveCfg = Release|Any CPU
		{4042CED3-1F09-4EAA-8905-2BDD38E297E6}.Release|Any CPU.Build.0 = Release|Any CPU
		{4FED04F0-C336-4926-BFF4-380704C58784}.Debug|Any CPU.ActiveCfg = Debug|Any CPU
		{4FED04F0-C336-4926-BFF4-380704C58784}.Debug|Any CPU.Build.0 = Debug|Any CPU
		{4FED04F0-C336-4926-BFF4-380704C58784}.Release|Any CPU.ActiveCfg = Release|Any CPU
		{4FED04F0-C336-4926-BFF4-380704C58784}.Release|Any CPU.Build.0 = Release|Any CPU
		{1CA4EE97-0C3E-436A-9864-EC591756B718}.Debug|Any CPU.ActiveCfg = Debug|Any CPU
		{1CA4EE97-0C3E-436A-9864-EC591756B718}.Debug|Any CPU.Build.0 = Debug|Any CPU
		{1CA4EE97-0C3E-436A-9864-EC591756B718}.Release|Any CPU.ActiveCfg = Release|Any CPU
		{1CA4EE97-0C3E-436A-9864-EC591756B718}.Release|Any CPU.Build.0 = Release|Any CPU
		{4BC96866-B68B-46E0-87D4-7765DA53DD05}.Debug|Any CPU.ActiveCfg = Debug|Any CPU
		{4BC96866-B68B-46E0-87D4-7765DA53DD05}.Debug|Any CPU.Build.0 = Debug|Any CPU
		{4BC96866-B68B-46E0-87D4-7765DA53DD05}.Release|Any CPU.ActiveCfg = Release|Any CPU
		{4BC96866-B68B-46E0-87D4-7765DA53DD05}.Release|Any CPU.Build.0 = Release|Any CPU
		{4EA175AF-B750-4771-9E4F-284531D44BBC}.Debug|Any CPU.ActiveCfg = Debug|Any CPU
		{4EA175AF-B750-4771-9E4F-284531D44BBC}.Debug|Any CPU.Build.0 = Debug|Any CPU
		{4EA175AF-B750-4771-9E4F-284531D44BBC}.Release|Any CPU.ActiveCfg = Release|Any CPU
		{4EA175AF-B750-4771-9E4F-284531D44BBC}.Release|Any CPU.Build.0 = Release|Any CPU
		{1E384333-689E-485E-8FE9-EEFE5C5F4C65}.Debug|Any CPU.ActiveCfg = Debug|Any CPU
		{1E384333-689E-485E-8FE9-EEFE5C5F4C65}.Debug|Any CPU.Build.0 = Debug|Any CPU
		{1E384333-689E-485E-8FE9-EEFE5C5F4C65}.Release|Any CPU.ActiveCfg = Release|Any CPU
		{1E384333-689E-485E-8FE9-EEFE5C5F4C65}.Release|Any CPU.Build.0 = Release|Any CPU
		{E362A6E8-4EF9-44F8-8D71-11E94DC219D1}.Debug|Any CPU.ActiveCfg = Debug|Any CPU
		{E362A6E8-4EF9-44F8-8D71-11E94DC219D1}.Debug|Any CPU.Build.0 = Debug|Any CPU
		{E362A6E8-4EF9-44F8-8D71-11E94DC219D1}.Release|Any CPU.ActiveCfg = Release|Any CPU
		{E362A6E8-4EF9-44F8-8D71-11E94DC219D1}.Release|Any CPU.Build.0 = Release|Any CPU
		{FCD08D01-90EE-4930-846F-1DFC87AA35BB}.Debug|Any CPU.ActiveCfg = Debug|Any CPU
		{FCD08D01-90EE-4930-846F-1DFC87AA35BB}.Debug|Any CPU.Build.0 = Debug|Any CPU
		{FCD08D01-90EE-4930-846F-1DFC87AA35BB}.Release|Any CPU.ActiveCfg = Release|Any CPU
		{FCD08D01-90EE-4930-846F-1DFC87AA35BB}.Release|Any CPU.Build.0 = Release|Any CPU
	EndGlobalSection
	GlobalSection(SolutionProperties) = preSolution
		HideSolutionNode = FALSE
	EndGlobalSection
	GlobalSection(NestedProjects) = preSolution
		{4042CED3-1F09-4EAA-8905-2BDD38E297E6} = {9381F467-7DE1-47F0-9D4F-B388B3D42B27}
		{4FED04F0-C336-4926-BFF4-380704C58784} = {9027C795-5844-4A24-8007-1E7A083B0B90}
		{1CA4EE97-0C3E-436A-9864-EC591756B718} = {9027C795-5844-4A24-8007-1E7A083B0B90}
		{4BC96866-B68B-46E0-87D4-7765DA53DD05} = {E70992B7-5E4E-415F-A875-5B37E7F35A81}
		{4EA175AF-B750-4771-9E4F-284531D44BBC} = {E70992B7-5E4E-415F-A875-5B37E7F35A81}
		{1E384333-689E-485E-8FE9-EEFE5C5F4C65} = {9381F467-7DE1-47F0-9D4F-B388B3D42B27}
		{E362A6E8-4EF9-44F8-8D71-11E94DC219D1} = {9381F467-7DE1-47F0-9D4F-B388B3D42B27}
		{FCD08D01-90EE-4930-846F-1DFC87AA35BB} = {9381F467-7DE1-47F0-9D4F-B388B3D42B27}
	EndGlobalSection
	GlobalSection(ExtensibilityGlobals) = postSolution
		SolutionGuid = {76D2910D-CAA0-465E-8C30-D41B565CDC40}
	EndGlobalSection
EndGlobal
